// !$*UTF8*$!
{
	archiveVersion = 1;
	classes = {
	};
	objectVersion = 77;
	objects = {

/* Begin PBXBuildFile section */
		B10000000000000000000001 /* BabushkaApp.swift in Sources */ = {isa = PBXBuildFile; fileRef = A10000000000000000000001 /* BabushkaApp.swift */; };
		B10000000000000000000002 /* MKVIdentification.swift in Sources */ = {isa = PBXBuildFile; fileRef = A10000000000000000000002 /* MKVIdentification.swift */; };
		B10000000000000000000003 /* MKVContainer.swift in Sources */ = {isa = PBXBuildFile; fileRef = A10000000000000000000003 /* MKVContainer.swift */; };
		B10000000000000000000004 /* MKVTrack.swift in Sources */ = {isa = PBXBuildFile; fileRef = A10000000000000000000004 /* MKVTrack.swift */; };
		B10000000000000000000005 /* MKVAttachment.swift in Sources */ = {isa = PBXBuildFile; fileRef = A10000000000000000000005 /* MKVAttachment.swift */; };
		B10000000000000000000006 /* MKVTags.swift in Sources */ = {isa = PBXBuildFile; fileRef = A10000000000000000000006 /* MKVTags.swift */; };
		B10000000000000000000007 /* SidebarItem.swift in Sources */ = {isa = PBXBuildFile; fileRef = A10000000000000000000007 /* SidebarItem.swift */; };
		B10000000000000000000008 /* MKVToolnixLocator.swift in Sources */ = {isa = PBXBuildFile; fileRef = A10000000000000000000008 /* MKVToolnixLocator.swift */; };
		B10000000000000000000009 /* MKVToolnixService.swift in Sources */ = {isa = PBXBuildFile; fileRef = A10000000000000000000009 /* MKVToolnixService.swift */; };
		B1000000000000000000000A /* AppViewModel.swift in Sources */ = {isa = PBXBuildFile; fileRef = A1000000000000000000000A /* AppViewModel.swift */; };
		B1000000000000000000000B /* FileViewModel.swift in Sources */ = {isa = PBXBuildFile; fileRef = A1000000000000000000000B /* FileViewModel.swift */; };
		B1000000000000000000000C /* ContentView.swift in Sources */ = {isa = PBXBuildFile; fileRef = A1000000000000000000000C /* ContentView.swift */; };
		B1000000000000000000000D /* SidebarView.swift in Sources */ = {isa = PBXBuildFile; fileRef = A1000000000000000000000D /* SidebarView.swift */; };
		B1000000000000000000000E /* FileSummaryView.swift in Sources */ = {isa = PBXBuildFile; fileRef = A1000000000000000000000E /* FileSummaryView.swift */; };
		B1000000000000000000000F /* TrackDetailView.swift in Sources */ = {isa = PBXBuildFile; fileRef = A1000000000000000000000F /* TrackDetailView.swift */; };
		B10000000000000000000010 /* TrackRowView.swift in Sources */ = {isa = PBXBuildFile; fileRef = A10000000000000000000010 /* TrackRowView.swift */; };
		B10000000000000000000011 /* WelcomeView.swift in Sources */ = {isa = PBXBuildFile; fileRef = A10000000000000000000011 /* WelcomeView.swift */; };
		B10000000000000000000012 /* AboutView.swift in Sources */ = {isa = PBXBuildFile; fileRef = A10000000000000000000012 /* AboutView.swift */; };
		B10000000000000000000014 /* AttachmentDetailView.swift in Sources */ = {isa = PBXBuildFile; fileRef = A10000000000000000000020 /* AttachmentDetailView.swift */; };
		B10000000000000000000021 /* CodecExtensionMap.swift in Sources */ = {isa = PBXBuildFile; fileRef = A10000000000000000000021 /* CodecExtensionMap.swift */; };
		B10000000000000000000022 /* ExportJob.swift in Sources */ = {isa = PBXBuildFile; fileRef = A10000000000000000000022 /* ExportJob.swift */; };
		B10000000000000000000023 /* JobsViewModel.swift in Sources */ = {isa = PBXBuildFile; fileRef = A10000000000000000000023 /* JobsViewModel.swift */; };
		B10000000000000000000024 /* JobsPopoverView.swift in Sources */ = {isa = PBXBuildFile; fileRef = A10000000000000000000024 /* JobsPopoverView.swift */; };
		B10000000000000000000025 /* TrackPropertyEdits.swift in Sources */ = {isa = PBXBuildFile; fileRef = A10000000000000000000025 /* TrackPropertyEdits.swift */; };
		B10000000000000000000026 /* TrackFileAddition.swift in Sources */ = {isa = PBXBuildFile; fileRef = A10000000000000000000026 /* TrackFileAddition.swift */; };
		B10000000000000000000027 /* TrackReorderView.swift in Sources */ = {isa = PBXBuildFile; fileRef = A10000000000000000000027 /* TrackReorderView.swift */; };
		B10000000000000000000028 /* PendingChangeset.swift in Sources */ = {isa = PBXBuildFile; fileRef = A10000000000000000000028 /* PendingChangeset.swift */; };
		B10000000000000000000029 /* OutputMode.swift in Sources */ = {isa = PBXBuildFile; fileRef = A10000000000000000000029 /* OutputMode.swift */; };
		B1000000000000000000002A /* TrackPropertyKey.swift in Sources */ = {isa = PBXBuildFile; fileRef = A1000000000000000000002A /* TrackPropertyKey.swift */; };
		B1000000000000000000002B /* PendingChangesBar.swift in Sources */ = {isa = PBXBuildFile; fileRef = A1000000000000000000002B /* PendingChangesBar.swift */; };
		B1000000000000000000002C /* SettingsView.swift in Sources */ = {isa = PBXBuildFile; fileRef = A1000000000000000000002C /* SettingsView.swift */; };
		B1000000000000000000002D /* CropPreset.swift in Sources */ = {isa = PBXBuildFile; fileRef = A1000000000000000000002D /* CropPreset.swift */; };
		B1000000000000000000002E /* CropPresetTests.swift in Sources */ = {isa = PBXBuildFile; fileRef = A1000000000000000000002E /* CropPresetTests.swift */; };
		B10000000000000000000030 /* ProcessRunner.swift in Sources */ = {isa = PBXBuildFile; fileRef = A10000000000000000000030 /* ProcessRunner.swift */; };
		B10000000000000000000031 /* MKVToolnixError.swift in Sources */ = {isa = PBXBuildFile; fileRef = A10000000000000000000031 /* MKVToolnixError.swift */; };
		B10000000000000000000032 /* MkvmergeCommandBuilder.swift in Sources */ = {isa = PBXBuildFile; fileRef = A10000000000000000000032 /* MkvmergeCommandBuilder.swift */; };
		B10000000000000000000033 /* MkvpropeditCommandBuilder.swift in Sources */ = {isa = PBXBuildFile; fileRef = A10000000000000000000033 /* MkvpropeditCommandBuilder.swift */; };
		B10000000000000000000034 /* MKVIdentificationService.swift in Sources */ = {isa = PBXBuildFile; fileRef = A10000000000000000000034 /* MKVIdentificationService.swift */; };
		B10000000000000000000035 /* MKVExtractionService.swift in Sources */ = {isa = PBXBuildFile; fileRef = A10000000000000000000035 /* MKVExtractionService.swift */; };
		B10000000000000000000036 /* MKVChangesetService.swift in Sources */ = {isa = PBXBuildFile; fileRef = A10000000000000000000036 /* MKVChangesetService.swift */; };
		B10000000000000000000037 /* FileDialogService.swift in Sources */ = {isa = PBXBuildFile; fileRef = A10000000000000000000037 /* FileDialogService.swift */; };
		B10000000000000000000038 /* FileOperationsService.swift in Sources */ = {isa = PBXBuildFile; fileRef = A10000000000000000000038 /* FileOperationsService.swift */; };
		B10000000000000000000039 /* SidebarTreeBuilder.swift in Sources */ = {isa = PBXBuildFile; fileRef = A10000000000000000000039 /* SidebarTreeBuilder.swift */; };
		B1000000000000000000003A /* CommandBuilderTests.swift in Sources */ = {isa = PBXBuildFile; fileRef = A1000000000000000000003A /* CommandBuilderTests.swift */; };
		B1000000000000000000003B /* SidebarTreeBuilderTests.swift in Sources */ = {isa = PBXBuildFile; fileRef = A1000000000000000000003B /* SidebarTreeBuilderTests.swift */; };
		B1000000000000000000003C /* TestHelpers.swift in Sources */ = {isa = PBXBuildFile; fileRef = A1000000000000000000003C /* TestHelpers.swift */; };
		B1000000000000000000003D /* PendingChangesetTests.swift in Sources */ = {isa = PBXBuildFile; fileRef = A1000000000000000000003D /* PendingChangesetTests.swift */; };
		B1000000000000000000003E /* TrackPropertyEditsTests.swift in Sources */ = {isa = PBXBuildFile; fileRef = A1000000000000000000003E /* TrackPropertyEditsTests.swift */; };
		B1000000000000000000003F /* ExportJobTests.swift in Sources */ = {isa = PBXBuildFile; fileRef = A1000000000000000000003F /* ExportJobTests.swift */; };
		B10000000000000000000040 /* CodecExtensionMapTests.swift in Sources */ = {isa = PBXBuildFile; fileRef = A10000000000000000000040 /* CodecExtensionMapTests.swift */; };
		B10000000000000000000041 /* FileViewModelChangesetTests.swift in Sources */ = {isa = PBXBuildFile; fileRef = A10000000000000000000041 /* FileViewModelChangesetTests.swift */; };
		B10000000000000000000042 /* MKVChangesetIntegrationTests.swift in Sources */ = {isa = PBXBuildFile; fileRef = A10000000000000000000042 /* MKVChangesetIntegrationTests.swift */; };
		B10000000000000000000050 /* MKVChapterEdition.swift in Sources */ = {isa = PBXBuildFile; fileRef = A10000000000000000000050 /* MKVChapterEdition.swift */; };
		B10000000000000000000051 /* ChapterXMLService.swift in Sources */ = {isa = PBXBuildFile; fileRef = A10000000000000000000051 /* ChapterXMLService.swift */; };
		B10000000000000000000052 /* ChapterDetailView.swift in Sources */ = {isa = PBXBuildFile; fileRef = A10000000000000000000052 /* ChapterDetailView.swift */; };
		B10000000000000000000053 /* ChapterEditorView.swift in Sources */ = {isa = PBXBuildFile; fileRef = A10000000000000000000053 /* ChapterEditorView.swift */; };
		B10000000000000000000054 /* ChapterXMLServiceTests.swift in Sources */ = {isa = PBXBuildFile; fileRef = A10000000000000000000054 /* ChapterXMLServiceTests.swift */; };
		B10000000000000000000013 /* Assets.xcassets in Resources */ = {isa = PBXBuildFile; fileRef = A10000000000000000000013 /* Assets.xcassets */; };
		B10000000000000000000017 /* TestFileManager.swift in Sources */ = {isa = PBXBuildFile; fileRef = A10000000000000000000017 /* TestFileManager.swift */; };
		B10000000000000000000018 /* MKVToolnixLocatorTests.swift in Sources */ = {isa = PBXBuildFile; fileRef = A10000000000000000000018 /* MKVToolnixLocatorTests.swift */; };
		B10000000000000000000019 /* MKVToolnixServiceTests.swift in Sources */ = {isa = PBXBuildFile; fileRef = A10000000000000000000019 /* MKVToolnixServiceTests.swift */; };
		B1000000000000000000001A /* MKVIdentificationTests.swift in Sources */ = {isa = PBXBuildFile; fileRef = A1000000000000000000001A /* MKVIdentificationTests.swift */; };
		B1000000000000000000001B /* FileViewModelTests.swift in Sources */ = {isa = PBXBuildFile; fileRef = A1000000000000000000001B /* FileViewModelTests.swift */; };
/* End PBXBuildFile section */

/* Begin PBXContainerItemProxy section */
		C10000000000000000000001 /* PBXContainerItemProxy */ = {
			isa = PBXContainerItemProxy;
			containerPortal = D10000000000000000000001 /* Project object */;
			proxyType = 1;
			remoteGlobalIDString = E10000000000000000000001;
			remoteInfo = Babushka;
		};
/* End PBXContainerItemProxy section */

/* Begin PBXFileReference section */
		A10000000000000000000001 /* BabushkaApp.swift */ = {isa = PBXFileReference; lastKnownFileType = sourcecode.swift; path = BabushkaApp.swift; sourceTree = "<group>"; };
		A10000000000000000000002 /* MKVIdentification.swift */ = {isa = PBXFileReference; lastKnownFileType = sourcecode.swift; path = MKVIdentification.swift; sourceTree = "<group>"; };
		A10000000000000000000003 /* MKVContainer.swift */ = {isa = PBXFileReference; lastKnownFileType = sourcecode.swift; path = MKVContainer.swift; sourceTree = "<group>"; };
		A10000000000000000000004 /* MKVTrack.swift */ = {isa = PBXFileReference; lastKnownFileType = sourcecode.swift; path = MKVTrack.swift; sourceTree = "<group>"; };
		A10000000000000000000005 /* MKVAttachment.swift */ = {isa = PBXFileReference; lastKnownFileType = sourcecode.swift; path = MKVAttachment.swift; sourceTree = "<group>"; };
		A10000000000000000000006 /* MKVTags.swift */ = {isa = PBXFileReference; lastKnownFileType = sourcecode.swift; path = MKVTags.swift; sourceTree = "<group>"; };
		A10000000000000000000007 /* SidebarItem.swift */ = {isa = PBXFileReference; lastKnownFileType = sourcecode.swift; path = SidebarItem.swift; sourceTree = "<group>"; };
		A10000000000000000000008 /* MKVToolnixLocator.swift */ = {isa = PBXFileReference; lastKnownFileType = sourcecode.swift; path = MKVToolnixLocator.swift; sourceTree = "<group>"; };
		A10000000000000000000009 /* MKVToolnixService.swift */ = {isa = PBXFileReference; lastKnownFileType = sourcecode.swift; path = MKVToolnixService.swift; sourceTree = "<group>"; };
		A1000000000000000000000A /* AppViewModel.swift */ = {isa = PBXFileReference; lastKnownFileType = sourcecode.swift; path = AppViewModel.swift; sourceTree = "<group>"; };
		A1000000000000000000000B /* FileViewModel.swift */ = {isa = PBXFileReference; lastKnownFileType = sourcecode.swift; path = FileViewModel.swift; sourceTree = "<group>"; };
		A1000000000000000000000C /* ContentView.swift */ = {isa = PBXFileReference; lastKnownFileType = sourcecode.swift; path = ContentView.swift; sourceTree = "<group>"; };
		A1000000000000000000000D /* SidebarView.swift */ = {isa = PBXFileReference; lastKnownFileType = sourcecode.swift; path = SidebarView.swift; sourceTree = "<group>"; };
		A1000000000000000000000E /* FileSummaryView.swift */ = {isa = PBXFileReference; lastKnownFileType = sourcecode.swift; path = FileSummaryView.swift; sourceTree = "<group>"; };
		A1000000000000000000000F /* TrackDetailView.swift */ = {isa = PBXFileReference; lastKnownFileType = sourcecode.swift; path = TrackDetailView.swift; sourceTree = "<group>"; };
		A10000000000000000000010 /* TrackRowView.swift */ = {isa = PBXFileReference; lastKnownFileType = sourcecode.swift; path = TrackRowView.swift; sourceTree = "<group>"; };
		A10000000000000000000011 /* WelcomeView.swift */ = {isa = PBXFileReference; lastKnownFileType = sourcecode.swift; path = WelcomeView.swift; sourceTree = "<group>"; };
		A10000000000000000000012 /* AboutView.swift */ = {isa = PBXFileReference; lastKnownFileType = sourcecode.swift; path = AboutView.swift; sourceTree = "<group>"; };
		A10000000000000000000020 /* AttachmentDetailView.swift */ = {isa = PBXFileReference; lastKnownFileType = sourcecode.swift; path = AttachmentDetailView.swift; sourceTree = "<group>"; };
		A10000000000000000000013 /* Assets.xcassets */ = {isa = PBXFileReference; lastKnownFileType = folder.assetcatalog; path = Assets.xcassets; sourceTree = "<group>"; };
		A10000000000000000000014 /* Babushka.entitlements */ = {isa = PBXFileReference; lastKnownFileType = text.plist.entitlements; path = Babushka.entitlements; sourceTree = "<group>"; };
		A10000000000000000000015 /* Babushka.app */ = {isa = PBXFileReference; explicitFileType = wrapper.application; includeInIndex = 0; path = Babushka.app; sourceTree = BUILT_PRODUCTS_DIR; };
		A10000000000000000000016 /* BabushkaTests.xctest */ = {isa = PBXFileReference; explicitFileType = wrapper.cfbundle; includeInIndex = 0; path = BabushkaTests.xctest; sourceTree = BUILT_PRODUCTS_DIR; };
		A10000000000000000000017 /* TestFileManager.swift */ = {isa = PBXFileReference; lastKnownFileType = sourcecode.swift; path = TestFileManager.swift; sourceTree = "<group>"; };
		A10000000000000000000018 /* MKVToolnixLocatorTests.swift */ = {isa = PBXFileReference; lastKnownFileType = sourcecode.swift; path = MKVToolnixLocatorTests.swift; sourceTree = "<group>"; };
		A10000000000000000000019 /* MKVToolnixServiceTests.swift */ = {isa = PBXFileReference; lastKnownFileType = sourcecode.swift; path = MKVToolnixServiceTests.swift; sourceTree = "<group>"; };
		A1000000000000000000001A /* MKVIdentificationTests.swift */ = {isa = PBXFileReference; lastKnownFileType = sourcecode.swift; path = MKVIdentificationTests.swift; sourceTree = "<group>"; };
		A1000000000000000000001B /* FileViewModelTests.swift */ = {isa = PBXFileReference; lastKnownFileType = sourcecode.swift; path = FileViewModelTests.swift; sourceTree = "<group>"; };
		A10000000000000000000021 /* CodecExtensionMap.swift */ = {isa = PBXFileReference; lastKnownFileType = sourcecode.swift; path = CodecExtensionMap.swift; sourceTree = "<group>"; };
		A10000000000000000000022 /* ExportJob.swift */ = {isa = PBXFileReference; lastKnownFileType = sourcecode.swift; path = ExportJob.swift; sourceTree = "<group>"; };
		A10000000000000000000023 /* JobsViewModel.swift */ = {isa = PBXFileReference; lastKnownFileType = sourcecode.swift; path = JobsViewModel.swift; sourceTree = "<group>"; };
		A10000000000000000000024 /* JobsPopoverView.swift */ = {isa = PBXFileReference; lastKnownFileType = sourcecode.swift; path = JobsPopoverView.swift; sourceTree = "<group>"; };
		A10000000000000000000025 /* TrackPropertyEdits.swift */ = {isa = PBXFileReference; lastKnownFileType = sourcecode.swift; path = TrackPropertyEdits.swift; sourceTree = "<group>"; };
		A10000000000000000000026 /* TrackFileAddition.swift */ = {isa = PBXFileReference; lastKnownFileType = sourcecode.swift; path = TrackFileAddition.swift; sourceTree = "<group>"; };
		A10000000000000000000027 /* TrackReorderView.swift */ = {isa = PBXFileReference; lastKnownFileType = sourcecode.swift; path = TrackReorderView.swift; sourceTree = "<group>"; };
		A10000000000000000000028 /* PendingChangeset.swift */ = {isa = PBXFileReference; lastKnownFileType = sourcecode.swift; path = PendingChangeset.swift; sourceTree = "<group>"; };
		A10000000000000000000029 /* OutputMode.swift */ = {isa = PBXFileReference; lastKnownFileType = sourcecode.swift; path = OutputMode.swift; sourceTree = "<group>"; };
		A1000000000000000000002A /* TrackPropertyKey.swift */ = {isa = PBXFileReference; lastKnownFileType = sourcecode.swift; path = TrackPropertyKey.swift; sourceTree = "<group>"; };
		A1000000000000000000002B /* PendingChangesBar.swift */ = {isa = PBXFileReference; lastKnownFileType = sourcecode.swift; path = PendingChangesBar.swift; sourceTree = "<group>"; };
		A1000000000000000000002C /* SettingsView.swift */ = {isa = PBXFileReference; lastKnownFileType = sourcecode.swift; path = SettingsView.swift; sourceTree = "<group>"; };
		A1000000000000000000002D /* CropPreset.swift */ = {isa = PBXFileReference; lastKnownFileType = sourcecode.swift; path = CropPreset.swift; sourceTree = "<group>"; };
		A1000000000000000000002E /* CropPresetTests.swift */ = {isa = PBXFileReference; lastKnownFileType = sourcecode.swift; path = CropPresetTests.swift; sourceTree = "<group>"; };
		A10000000000000000000030 /* ProcessRunner.swift */ = {isa = PBXFileReference; lastKnownFileType = sourcecode.swift; path = ProcessRunner.swift; sourceTree = "<group>"; };
		A10000000000000000000031 /* MKVToolnixError.swift */ = {isa = PBXFileReference; lastKnownFileType = sourcecode.swift; path = MKVToolnixError.swift; sourceTree = "<group>"; };
		A10000000000000000000032 /* MkvmergeCommandBuilder.swift */ = {isa = PBXFileReference; lastKnownFileType = sourcecode.swift; path = MkvmergeCommandBuilder.swift; sourceTree = "<group>"; };
		A10000000000000000000033 /* MkvpropeditCommandBuilder.swift */ = {isa = PBXFileReference; lastKnownFileType = sourcecode.swift; path = MkvpropeditCommandBuilder.swift; sourceTree = "<group>"; };
		A10000000000000000000034 /* MKVIdentificationService.swift */ = {isa = PBXFileReference; lastKnownFileType = sourcecode.swift; path = MKVIdentificationService.swift; sourceTree = "<group>"; };
		A10000000000000000000035 /* MKVExtractionService.swift */ = {isa = PBXFileReference; lastKnownFileType = sourcecode.swift; path = MKVExtractionService.swift; sourceTree = "<group>"; };
		A10000000000000000000036 /* MKVChangesetService.swift */ = {isa = PBXFileReference; lastKnownFileType = sourcecode.swift; path = MKVChangesetService.swift; sourceTree = "<group>"; };
		A10000000000000000000037 /* FileDialogService.swift */ = {isa = PBXFileReference; lastKnownFileType = sourcecode.swift; path = FileDialogService.swift; sourceTree = "<group>"; };
		A10000000000000000000038 /* FileOperationsService.swift */ = {isa = PBXFileReference; lastKnownFileType = sourcecode.swift; path = FileOperationsService.swift; sourceTree = "<group>"; };
		A10000000000000000000039 /* SidebarTreeBuilder.swift */ = {isa = PBXFileReference; lastKnownFileType = sourcecode.swift; path = SidebarTreeBuilder.swift; sourceTree = "<group>"; };
		A1000000000000000000003A /* CommandBuilderTests.swift */ = {isa = PBXFileReference; lastKnownFileType = sourcecode.swift; path = CommandBuilderTests.swift; sourceTree = "<group>"; };
		A1000000000000000000003B /* SidebarTreeBuilderTests.swift */ = {isa = PBXFileReference; lastKnownFileType = sourcecode.swift; path = SidebarTreeBuilderTests.swift; sourceTree = "<group>"; };
		A1000000000000000000003C /* TestHelpers.swift */ = {isa = PBXFileReference; lastKnownFileType = sourcecode.swift; path = TestHelpers.swift; sourceTree = "<group>"; };
		A1000000000000000000003D /* PendingChangesetTests.swift */ = {isa = PBXFileReference; lastKnownFileType = sourcecode.swift; path = PendingChangesetTests.swift; sourceTree = "<group>"; };
		A1000000000000000000003E /* TrackPropertyEditsTests.swift */ = {isa = PBXFileReference; lastKnownFileType = sourcecode.swift; path = TrackPropertyEditsTests.swift; sourceTree = "<group>"; };
		A1000000000000000000003F /* ExportJobTests.swift */ = {isa = PBXFileReference; lastKnownFileType = sourcecode.swift; path = ExportJobTests.swift; sourceTree = "<group>"; };
		A10000000000000000000040 /* CodecExtensionMapTests.swift */ = {isa = PBXFileReference; lastKnownFileType = sourcecode.swift; path = CodecExtensionMapTests.swift; sourceTree = "<group>"; };
		A10000000000000000000041 /* FileViewModelChangesetTests.swift */ = {isa = PBXFileReference; lastKnownFileType = sourcecode.swift; path = FileViewModelChangesetTests.swift; sourceTree = "<group>"; };
		A10000000000000000000042 /* MKVChangesetIntegrationTests.swift */ = {isa = PBXFileReference; lastKnownFileType = sourcecode.swift; path = MKVChangesetIntegrationTests.swift; sourceTree = "<group>"; };
		A10000000000000000000050 /* MKVChapterEdition.swift */ = {isa = PBXFileReference; lastKnownFileType = sourcecode.swift; path = MKVChapterEdition.swift; sourceTree = "<group>"; };
		A10000000000000000000051 /* ChapterXMLService.swift */ = {isa = PBXFileReference; lastKnownFileType = sourcecode.swift; path = ChapterXMLService.swift; sourceTree = "<group>"; };
		A10000000000000000000052 /* ChapterDetailView.swift */ = {isa = PBXFileReference; lastKnownFileType = sourcecode.swift; path = ChapterDetailView.swift; sourceTree = "<group>"; };
		A10000000000000000000053 /* ChapterEditorView.swift */ = {isa = PBXFileReference; lastKnownFileType = sourcecode.swift; path = ChapterEditorView.swift; sourceTree = "<group>"; };
		A10000000000000000000054 /* ChapterXMLServiceTests.swift */ = {isa = PBXFileReference; lastKnownFileType = sourcecode.swift; path = ChapterXMLServiceTests.swift; sourceTree = "<group>"; };
/* End PBXFileReference section */

/* Begin PBXFrameworksBuildPhase section */
		F10000000000000000000001 /* Frameworks */ = {
			isa = PBXFrameworksBuildPhase;
			buildActionMask = 2147483647;
			files = (
			);
			runOnlyForDeploymentPostprocessing = 0;
		};
		F10000000000000000000002 /* Frameworks */ = {
			isa = PBXFrameworksBuildPhase;
			buildActionMask = 2147483647;
			files = (
			);
			runOnlyForDeploymentPostprocessing = 0;
		};
/* End PBXFrameworksBuildPhase section */

/* Begin PBXGroup section */
		G10000000000000000000001 /* Root */ = {
			isa = PBXGroup;
			children = (
				G10000000000000000000002 /* Babushka */,
				G10000000000000000000008 /* BabushkaTests */,
				G10000000000000000000007 /* Products */,
			);
			sourceTree = "<group>";
		};
		G10000000000000000000002 /* Babushka */ = {
			isa = PBXGroup;
			children = (
				A10000000000000000000001 /* BabushkaApp.swift */,
				A10000000000000000000013 /* Assets.xcassets */,
				A10000000000000000000014 /* Babushka.entitlements */,
				G10000000000000000000003 /* Models */,
				G10000000000000000000004 /* Services */,
				G10000000000000000000005 /* ViewModels */,
				G10000000000000000000006 /* Views */,
			);
			path = Babushka;
			sourceTree = "<group>";
		};
		G10000000000000000000003 /* Models */ = {
			isa = PBXGroup;
			children = (
				G1000000000000000000000C /* MKV */,
				G1000000000000000000000D /* Changeset */,
				A10000000000000000000007 /* SidebarItem.swift */,
				A10000000000000000000021 /* CodecExtensionMap.swift */,
				A10000000000000000000022 /* ExportJob.swift */,
				A10000000000000000000029 /* OutputMode.swift */,
				A1000000000000000000002D /* CropPreset.swift */,
			);
			path = Models;
			sourceTree = "<group>";
		};
		G1000000000000000000000C /* MKV */ = {
			isa = PBXGroup;
			children = (
				A10000000000000000000002 /* MKVIdentification.swift */,
				A10000000000000000000003 /* MKVContainer.swift */,
				A10000000000000000000004 /* MKVTrack.swift */,
				A10000000000000000000005 /* MKVAttachment.swift */,
				A10000000000000000000006 /* MKVTags.swift */,
				A10000000000000000000050 /* MKVChapterEdition.swift */,
			);
			path = MKV;
			sourceTree = "<group>";
		};
		G1000000000000000000000D /* Changeset */ = {
			isa = PBXGroup;
			children = (
				A10000000000000000000028 /* PendingChangeset.swift */,
				A10000000000000000000025 /* TrackPropertyEdits.swift */,
				A1000000000000000000002A /* TrackPropertyKey.swift */,
				A10000000000000000000026 /* TrackFileAddition.swift */,
			);
			path = Changeset;
			sourceTree = "<group>";
		};
		G10000000000000000000004 /* Services */ = {
			isa = PBXGroup;
			children = (
				G1000000000000000000000E /* MKVToolnix */,
				A10000000000000000000032 /* MkvmergeCommandBuilder.swift */,
				A10000000000000000000033 /* MkvpropeditCommandBuilder.swift */,
				A10000000000000000000037 /* FileDialogService.swift */,
				A10000000000000000000038 /* FileOperationsService.swift */,
				A10000000000000000000051 /* ChapterXMLService.swift */,
			);
			path = Services;
			sourceTree = "<group>";
		};
		G1000000000000000000000E /* MKVToolnix */ = {
			isa = PBXGroup;
			children = (
				A10000000000000000000009 /* MKVToolnixService.swift */,
				A10000000000000000000008 /* MKVToolnixLocator.swift */,
				A10000000000000000000031 /* MKVToolnixError.swift */,
				A10000000000000000000034 /* MKVIdentificationService.swift */,
				A10000000000000000000035 /* MKVExtractionService.swift */,
				A10000000000000000000036 /* MKVChangesetService.swift */,
				A10000000000000000000030 /* ProcessRunner.swift */,
			);
			path = MKVToolnix;
			sourceTree = "<group>";
		};
		G10000000000000000000005 /* ViewModels */ = {
			isa = PBXGroup;
			children = (
				A1000000000000000000000A /* AppViewModel.swift */,
				A1000000000000000000000B /* FileViewModel.swift */,
				A10000000000000000000023 /* JobsViewModel.swift */,
				A10000000000000000000039 /* SidebarTreeBuilder.swift */,
			);
			path = ViewModels;
			sourceTree = "<group>";
		};
		G10000000000000000000006 /* Views */ = {
			isa = PBXGroup;
			children = (
				G1000000000000000000000F /* Detail */,
				A1000000000000000000000C /* ContentView.swift */,
				A1000000000000000000000D /* SidebarView.swift */,
				A10000000000000000000027 /* TrackReorderView.swift */,
				A10000000000000000000053 /* ChapterEditorView.swift */,
				A1000000000000000000002B /* PendingChangesBar.swift */,
				A10000000000000000000011 /* WelcomeView.swift */,
				A10000000000000000000012 /* AboutView.swift */,
				A1000000000000000000002C /* SettingsView.swift */,
				A10000000000000000000024 /* JobsPopoverView.swift */,
			);
			path = Views;
			sourceTree = "<group>";
		};
		G1000000000000000000000F /* Detail */ = {
			isa = PBXGroup;
			children = (
				A1000000000000000000000F /* TrackDetailView.swift */,
				A10000000000000000000010 /* TrackRowView.swift */,
				A10000000000000000000020 /* AttachmentDetailView.swift */,
				A1000000000000000000000E /* FileSummaryView.swift */,
				A10000000000000000000052 /* ChapterDetailView.swift */,
			);
			path = Detail;
			sourceTree = "<group>";
		};
		G10000000000000000000007 /* Products */ = {
			isa = PBXGroup;
			children = (
				A10000000000000000000015 /* Babushka.app */,
				A10000000000000000000016 /* BabushkaTests.xctest */,
			);
			name = Products;
			sourceTree = "<group>";
		};
		G10000000000000000000008 /* BabushkaTests */ = {
			isa = PBXGroup;
			children = (
				A10000000000000000000017 /* TestFileManager.swift */,
				A1000000000000000000003C /* TestHelpers.swift */,
				G10000000000000000000009 /* Services */,
				G1000000000000000000000A /* Models */,
				G1000000000000000000000B /* ViewModels */,
			);
			path = BabushkaTests;
			sourceTree = "<group>";
		};
		G10000000000000000000009 /* Services */ = {
			isa = PBXGroup;
			children = (
				A10000000000000000000018 /* MKVToolnixLocatorTests.swift */,
				A10000000000000000000019 /* MKVToolnixServiceTests.swift */,
				A1000000000000000000003A /* CommandBuilderTests.swift */,
				A10000000000000000000042 /* MKVChangesetIntegrationTests.swift */,
				A10000000000000000000054 /* ChapterXMLServiceTests.swift */,
			);
			path = Services;
			sourceTree = "<group>";
		};
		G1000000000000000000000A /* Models */ = {
			isa = PBXGroup;
			children = (
				A1000000000000000000001A /* MKVIdentificationTests.swift */,
				A1000000000000000000002E /* CropPresetTests.swift */,
				A1000000000000000000003D /* PendingChangesetTests.swift */,
				A1000000000000000000003E /* TrackPropertyEditsTests.swift */,
				A1000000000000000000003F /* ExportJobTests.swift */,
				A10000000000000000000040 /* CodecExtensionMapTests.swift */,
			);
			path = Models;
			sourceTree = "<group>";
		};
		G1000000000000000000000B /* ViewModels */ = {
			isa = PBXGroup;
			children = (
				A1000000000000000000001B /* FileViewModelTests.swift */,
				A1000000000000000000003B /* SidebarTreeBuilderTests.swift */,
				A10000000000000000000041 /* FileViewModelChangesetTests.swift */,
			);
			path = ViewModels;
			sourceTree = "<group>";
		};
/* End PBXGroup section */

/* Begin PBXNativeTarget section */
		E10000000000000000000001 /* Babushka */ = {
			isa = PBXNativeTarget;
			buildConfigurationList = CF0000000000000000000001 /* Build configuration list for PBXNativeTarget "Babushka" */;
			buildPhases = (
				S10000000000000000000001 /* Sources */,
				F10000000000000000000001 /* Frameworks */,
				R10000000000000000000001 /* Resources */,
			);
			buildRules = (
			);
			dependencies = (
			);
			name = Babushka;
			productName = Babushka;
			productReference = A10000000000000000000015 /* Babushka.app */;
			productType = "com.apple.product-type.application";
		};
		E10000000000000000000002 /* BabushkaTests */ = {
			isa = PBXNativeTarget;
			buildConfigurationList = CF0000000000000000000002 /* Build configuration list for PBXNativeTarget "BabushkaTests" */;
			buildPhases = (
				S10000000000000000000002 /* Sources */,
				F10000000000000000000002 /* Frameworks */,
			);
			buildRules = (
			);
			dependencies = (
				DE0000000000000000000001 /* PBXTargetDependency */,
			);
			name = BabushkaTests;
			productName = BabushkaTests;
			productReference = A10000000000000000000016 /* BabushkaTests.xctest */;
			productType = "com.apple.product-type.bundle.unit-test";
		};
/* End PBXNativeTarget section */

/* Begin PBXProject section */
		D10000000000000000000001 /* Project object */ = {
			isa = PBXProject;
			attributes = {
				BuildIndependentTargetsInParallel = 1;
				LastSwiftUpdateCheck = 1620;
				LastUpgradeCheck = 1620;
				TargetAttributes = {
					E10000000000000000000001 = {
						CreatedOnToolsVersion = 16.2;
					};
					E10000000000000000000002 = {
						CreatedOnToolsVersion = 16.2;
						TestTargetID = E10000000000000000000001;
					};
				};
			};
			buildConfigurationList = CF0000000000000000000003 /* Build configuration list for PBXProject "Babushka" */;
			developmentRegion = en;
			hasScannedForEncodings = 0;
			knownRegions = (
				en,
				Base,
			);
			mainGroup = G10000000000000000000001 /* Root */;
			minimizedProjectReferenceProxies = 1;
			preferredProjectObjectVersion = 77;
			productRefGroup = G10000000000000000000007 /* Products */;
			projectDirPath = "";
			projectRoot = "";
			targets = (
				E10000000000000000000001 /* Babushka */,
				E10000000000000000000002 /* BabushkaTests */,
			);
		};
/* End PBXProject section */

/* Begin PBXResourcesBuildPhase section */
		R10000000000000000000001 /* Resources */ = {
			isa = PBXResourcesBuildPhase;
			buildActionMask = 2147483647;
			files = (
				B10000000000000000000013 /* Assets.xcassets in Resources */,
			);
			runOnlyForDeploymentPostprocessing = 0;
		};
/* End PBXResourcesBuildPhase section */

/* Begin PBXSourcesBuildPhase section */
		S10000000000000000000001 /* Sources */ = {
			isa = PBXSourcesBuildPhase;
			buildActionMask = 2147483647;
			files = (
				B10000000000000000000001 /* BabushkaApp.swift in Sources */,
				B10000000000000000000002 /* MKVIdentification.swift in Sources */,
				B10000000000000000000003 /* MKVContainer.swift in Sources */,
				B10000000000000000000004 /* MKVTrack.swift in Sources */,
				B10000000000000000000005 /* MKVAttachment.swift in Sources */,
				B10000000000000000000006 /* MKVTags.swift in Sources */,
				B10000000000000000000007 /* SidebarItem.swift in Sources */,
				B10000000000000000000008 /* MKVToolnixLocator.swift in Sources */,
				B10000000000000000000009 /* MKVToolnixService.swift in Sources */,
				B1000000000000000000000A /* AppViewModel.swift in Sources */,
				B1000000000000000000000B /* FileViewModel.swift in Sources */,
				B1000000000000000000000C /* ContentView.swift in Sources */,
				B1000000000000000000000D /* SidebarView.swift in Sources */,
				B1000000000000000000000E /* FileSummaryView.swift in Sources */,
				B1000000000000000000000F /* TrackDetailView.swift in Sources */,
				B10000000000000000000010 /* TrackRowView.swift in Sources */,
				B10000000000000000000011 /* WelcomeView.swift in Sources */,
				B10000000000000000000012 /* AboutView.swift in Sources */,
				B10000000000000000000014 /* AttachmentDetailView.swift in Sources */,
				B10000000000000000000021 /* CodecExtensionMap.swift in Sources */,
				B10000000000000000000022 /* ExportJob.swift in Sources */,
				B10000000000000000000023 /* JobsViewModel.swift in Sources */,
				B10000000000000000000024 /* JobsPopoverView.swift in Sources */,
				B10000000000000000000025 /* TrackPropertyEdits.swift in Sources */,
				B10000000000000000000026 /* TrackFileAddition.swift in Sources */,
				B10000000000000000000027 /* TrackReorderView.swift in Sources */,
				B10000000000000000000028 /* PendingChangeset.swift in Sources */,
				B10000000000000000000029 /* OutputMode.swift in Sources */,
				B1000000000000000000002A /* TrackPropertyKey.swift in Sources */,
				B1000000000000000000002B /* PendingChangesBar.swift in Sources */,
				B1000000000000000000002C /* SettingsView.swift in Sources */,
				B1000000000000000000002D /* CropPreset.swift in Sources */,
				B10000000000000000000030 /* ProcessRunner.swift in Sources */,
				B10000000000000000000031 /* MKVToolnixError.swift in Sources */,
				B10000000000000000000032 /* MkvmergeCommandBuilder.swift in Sources */,
				B10000000000000000000033 /* MkvpropeditCommandBuilder.swift in Sources */,
				B10000000000000000000034 /* MKVIdentificationService.swift in Sources */,
				B10000000000000000000035 /* MKVExtractionService.swift in Sources */,
				B10000000000000000000036 /* MKVChangesetService.swift in Sources */,
				B10000000000000000000037 /* FileDialogService.swift in Sources */,
				B10000000000000000000038 /* FileOperationsService.swift in Sources */,
				B10000000000000000000039 /* SidebarTreeBuilder.swift in Sources */,
				B10000000000000000000050 /* MKVChapterEdition.swift in Sources */,
				B10000000000000000000051 /* ChapterXMLService.swift in Sources */,
				B10000000000000000000052 /* ChapterDetailView.swift in Sources */,
				B10000000000000000000053 /* ChapterEditorView.swift in Sources */,
			);
			runOnlyForDeploymentPostprocessing = 0;
		};
		S10000000000000000000002 /* Sources */ = {
			isa = PBXSourcesBuildPhase;
			buildActionMask = 2147483647;
			files = (
				B10000000000000000000017 /* TestFileManager.swift in Sources */,
				B10000000000000000000018 /* MKVToolnixLocatorTests.swift in Sources */,
				B10000000000000000000019 /* MKVToolnixServiceTests.swift in Sources */,
				B1000000000000000000001A /* MKVIdentificationTests.swift in Sources */,
				B1000000000000000000001B /* FileViewModelTests.swift in Sources */,
				B1000000000000000000002E /* CropPresetTests.swift in Sources */,
				B1000000000000000000003A /* CommandBuilderTests.swift in Sources */,
				B1000000000000000000003B /* SidebarTreeBuilderTests.swift in Sources */,
				B1000000000000000000003C /* TestHelpers.swift in Sources */,
				B1000000000000000000003D /* PendingChangesetTests.swift in Sources */,
				B1000000000000000000003E /* TrackPropertyEditsTests.swift in Sources */,
				B1000000000000000000003F /* ExportJobTests.swift in Sources */,
				B10000000000000000000040 /* CodecExtensionMapTests.swift in Sources */,
				B10000000000000000000041 /* FileViewModelChangesetTests.swift in Sources */,
				B10000000000000000000042 /* MKVChangesetIntegrationTests.swift in Sources */,
				B10000000000000000000054 /* ChapterXMLServiceTests.swift in Sources */,
			);
			runOnlyForDeploymentPostprocessing = 0;
		};
/* End PBXSourcesBuildPhase section */

/* Begin PBXTargetDependency section */
		DE0000000000000000000001 /* PBXTargetDependency */ = {
			isa = PBXTargetDependency;
			target = E10000000000000000000001 /* Babushka */;
			targetProxy = C10000000000000000000001 /* PBXContainerItemProxy */;
		};
/* End PBXTargetDependency section */

/* Begin XCBuildConfiguration section */
		BC0000000000000000000001 /* Debug */ = {
			isa = XCBuildConfiguration;
			buildSettings = {
				ALWAYS_SEARCH_USER_PATHS = NO;
				ASSETCATALOG_COMPILER_GENERATE_SWIFT_ASSET_SYMBOL_EXTENSIONS = YES;
				CLANG_ANALYZER_NONNULL = YES;
				CLANG_ANALYZER_NUMBER_OBJECT_CONVERSION = YES_AGGRESSIVE;
				CLANG_CXX_LANGUAGE_STANDARD = "gnu++20";
				CLANG_ENABLE_MODULES = YES;
				CLANG_ENABLE_OBJC_ARC = YES;
				CLANG_ENABLE_OBJC_WEAK = YES;
				CLANG_WARN_BLOCK_CAPTURE_AUTORELEASING = YES;
				CLANG_WARN_BOOL_CONVERSION = YES;
				CLANG_WARN_COMMA = YES;
				CLANG_WARN_CONSTANT_CONVERSION = YES;
				CLANG_WARN_DEPRECATED_OBJC_IMPLEMENTATIONS = YES;
				CLANG_WARN_DIRECT_OBJC_ISA_USAGE = YES_ERROR;
				CLANG_WARN_DOCUMENTATION_COMMENTS = YES;
				CLANG_WARN_EMPTY_BODY = YES;
				CLANG_WARN_ENUM_CONVERSION = YES;
				CLANG_WARN_INFINITE_RECURSION = YES;
				CLANG_WARN_INT_CONVERSION = YES;
				CLANG_WARN_NON_LITERAL_NULL_CONVERSION = YES;
				CLANG_WARN_OBJC_IMPLICIT_RETAIN_SELF = YES;
				CLANG_WARN_OBJC_LITERAL_CONVERSION = YES;
				CLANG_WARN_OBJC_ROOT_CLASS = YES_ERROR;
				CLANG_WARN_QUOTED_INCLUDE_IN_FRAMEWORK_HEADER = YES;
				CLANG_WARN_RANGE_LOOP_ANALYSIS = YES;
				CLANG_WARN_STRICT_PROTOTYPES = YES;
				CLANG_WARN_SUSPICIOUS_MOVE = YES;
				CLANG_WARN_UNGUARDED_AVAILABILITY = YES_AGGRESSIVE;
				CLANG_WARN_UNREACHABLE_CODE = YES;
				CLANG_WARN__DUPLICATE_METHOD_MATCH = YES;
				COPY_PHASE_STRIP = NO;
				DEBUG_INFORMATION_FORMAT = dwarf;
				ENABLE_STRICT_OBJC_MSGSEND = YES;
				ENABLE_TESTABILITY = YES;
				ENABLE_USER_SCRIPT_SANDBOXING = YES;
				GCC_C_LANGUAGE_STANDARD = gnu17;
				GCC_DYNAMIC_NO_PIC = NO;
				GCC_NO_COMMON_BLOCKS = YES;
				GCC_OPTIMIZATION_LEVEL = 0;
				GCC_PREPROCESSOR_DEFINITIONS = (
					"DEBUG=1",
					"$(inherited)",
				);
				GCC_WARN_64_TO_32_BIT_CONVERSION = YES;
				GCC_WARN_ABOUT_RETURN_TYPE = YES_ERROR;
				GCC_WARN_UNDECLARED_SELECTOR = YES;
				GCC_WARN_UNINITIALIZED_AUTOS = YES_AGGRESSIVE;
				GCC_WARN_UNUSED_FUNCTION = YES;
				GCC_WARN_UNUSED_VARIABLE = YES;
				MACOSX_DEPLOYMENT_TARGET = 15.0;
				MTL_ENABLE_DEBUG_INFO = INCLUDE_SOURCE;
				MTL_FAST_MATH = YES;
				ONLY_ACTIVE_ARCH = YES;
				SDKROOT = macosx;
				SWIFT_ACTIVE_COMPILATION_CONDITIONS = "DEBUG $(inherited)";
				SWIFT_OPTIMIZATION_LEVEL = "-Onone";
				SWIFT_VERSION = 6.0;
			};
			name = Debug;
		};
		BC0000000000000000000002 /* Release */ = {
			isa = XCBuildConfiguration;
			buildSettings = {
				ALWAYS_SEARCH_USER_PATHS = NO;
				ASSETCATALOG_COMPILER_GENERATE_SWIFT_ASSET_SYMBOL_EXTENSIONS = YES;
				CLANG_ANALYZER_NONNULL = YES;
				CLANG_ANALYZER_NUMBER_OBJECT_CONVERSION = YES_AGGRESSIVE;
				CLANG_CXX_LANGUAGE_STANDARD = "gnu++20";
				CLANG_ENABLE_MODULES = YES;
				CLANG_ENABLE_OBJC_ARC = YES;
				CLANG_ENABLE_OBJC_WEAK = YES;
				CLANG_WARN_BLOCK_CAPTURE_AUTORELEASING = YES;
				CLANG_WARN_BOOL_CONVERSION = YES;
				CLANG_WARN_COMMA = YES;
				CLANG_WARN_CONSTANT_CONVERSION = YES;
				CLANG_WARN_DEPRECATED_OBJC_IMPLEMENTATIONS = YES;
				CLANG_WARN_DIRECT_OBJC_ISA_USAGE = YES_ERROR;
				CLANG_WARN_DOCUMENTATION_COMMENTS = YES;
				CLANG_WARN_EMPTY_BODY = YES;
				CLANG_WARN_ENUM_CONVERSION = YES;
				CLANG_WARN_INFINITE_RECURSION = YES;
				CLANG_WARN_INT_CONVERSION = YES;
				CLANG_WARN_NON_LITERAL_NULL_CONVERSION = YES;
				CLANG_WARN_OBJC_IMPLICIT_RETAIN_SELF = YES;
				CLANG_WARN_OBJC_LITERAL_CONVERSION = YES;
				CLANG_WARN_OBJC_ROOT_CLASS = YES_ERROR;
				CLANG_WARN_QUOTED_INCLUDE_IN_FRAMEWORK_HEADER = YES;
				CLANG_WARN_RANGE_LOOP_ANALYSIS = YES;
				CLANG_WARN_STRICT_PROTOTYPES = YES;
				CLANG_WARN_SUSPICIOUS_MOVE = YES;
				CLANG_WARN_UNGUARDED_AVAILABILITY = YES_AGGRESSIVE;
				CLANG_WARN_UNREACHABLE_CODE = YES;
				CLANG_WARN__DUPLICATE_METHOD_MATCH = YES;
				COPY_PHASE_STRIP = NO;
				DEBUG_INFORMATION_FORMAT = "dwarf-with-dsym";
				ENABLE_NS_ASSERTIONS = NO;
				ENABLE_STRICT_OBJC_MSGSEND = YES;
				ENABLE_USER_SCRIPT_SANDBOXING = YES;
				GCC_C_LANGUAGE_STANDARD = gnu17;
				GCC_NO_COMMON_BLOCKS = YES;
				GCC_WARN_64_TO_32_BIT_CONVERSION = YES;
				GCC_WARN_ABOUT_RETURN_TYPE = YES_ERROR;
				GCC_WARN_UNDECLARED_SELECTOR = YES;
				GCC_WARN_UNINITIALIZED_AUTOS = YES_AGGRESSIVE;
				GCC_WARN_UNUSED_FUNCTION = YES;
				GCC_WARN_UNUSED_VARIABLE = YES;
				MACOSX_DEPLOYMENT_TARGET = 15.0;
				MTL_ENABLE_DEBUG_INFO = NO;
				MTL_FAST_MATH = YES;
				SDKROOT = macosx;
				SWIFT_COMPILATION_MODE = wholemodule;
				SWIFT_VERSION = 6.0;
			};
			name = Release;
		};
		BC0000000000000000000003 /* Debug */ = {
			isa = XCBuildConfiguration;
			buildSettings = {
				ASSETCATALOG_COMPILER_APPICON_NAME = AppIcon;
				ASSETCATALOG_COMPILER_GLOBAL_ACCENT_COLOR_NAME = AccentColor;
				CODE_SIGN_ENTITLEMENTS = Babushka/Babushka.entitlements;
				CODE_SIGN_STYLE = Automatic;
				COMBINE_HIDPI_IMAGES = YES;
				CURRENT_PROJECT_VERSION = 1;
				DEVELOPMENT_ASSET_PATHS = "";
				ENABLE_PREVIEWS = YES;
				GENERATE_INFOPLIST_FILE = YES;
				INFOPLIST_KEY_NSHumanReadableCopyright = "Copyright © Alleato L.L.C. All rights reserved.";
				INFOPLIST_KEY_NSMainStoryboardFile = "";
				INFOPLIST_KEY_NSPrincipalClass = NSApplication;
				LD_RUNPATH_SEARCH_PATHS = (
					"$(inherited)",
					"@executable_path/../Frameworks",
				);
				MARKETING_VERSION = 0.1.0; // x-release-please-version
				PRODUCT_BUNDLE_IDENTIFIER = com.alleato.Babushka;
				PRODUCT_NAME = "$(TARGET_NAME)";
				SWIFT_EMIT_LOC_STRINGS = YES;
				SWIFT_VERSION = 6.0;
			};
			name = Debug;
		};
		BC0000000000000000000004 /* Release */ = {
			isa = XCBuildConfiguration;
			buildSettings = {
				ASSETCATALOG_COMPILER_APPICON_NAME = AppIcon;
				ASSETCATALOG_COMPILER_GLOBAL_ACCENT_COLOR_NAME = AccentColor;
				CODE_SIGN_ENTITLEMENTS = Babushka/Babushka.entitlements;
				CODE_SIGN_STYLE = Automatic;
				COMBINE_HIDPI_IMAGES = YES;
				CURRENT_PROJECT_VERSION = 1;
				DEVELOPMENT_ASSET_PATHS = "";
				ENABLE_PREVIEWS = YES;
				GENERATE_INFOPLIST_FILE = YES;
				INFOPLIST_KEY_NSHumanReadableCopyright = "Copyright © Alleato L.L.C. All rights reserved.";
				INFOPLIST_KEY_NSMainStoryboardFile = "";
				INFOPLIST_KEY_NSPrincipalClass = NSApplication;
				LD_RUNPATH_SEARCH_PATHS = (
					"$(inherited)",
					"@executable_path/../Frameworks",
				);
				MARKETING_VERSION = 0.1.0; // x-release-please-version
				PRODUCT_BUNDLE_IDENTIFIER = com.alleato.Babushka;
				PRODUCT_NAME = "$(TARGET_NAME)";
				SWIFT_EMIT_LOC_STRINGS = YES;
				SWIFT_VERSION = 6.0;
			};
			name = Release;
		};
		BC0000000000000000000005 /* Debug */ = {
			isa = XCBuildConfiguration;
			buildSettings = {
				BUNDLE_LOADER = "$(TEST_HOST)";
				CODE_SIGN_STYLE = Automatic;
				CURRENT_PROJECT_VERSION = 1;
				GENERATE_INFOPLIST_FILE = YES;
				MACOSX_DEPLOYMENT_TARGET = 15.0;
				MARKETING_VERSION = 0.1.0; // x-release-please-version
				PRODUCT_BUNDLE_IDENTIFIER = com.alleato.BabushkaTests;
				PRODUCT_NAME = "$(TARGET_NAME)";
				SWIFT_EMIT_LOC_STRINGS = NO;
				SWIFT_VERSION = 6.0;
				TEST_HOST = "$(BUILT_PRODUCTS_DIR)/Babushka.app/Contents/MacOS/Babushka";
			};
			name = Debug;
		};
		BC0000000000000000000006 /* Release */ = {
			isa = XCBuildConfiguration;
			buildSettings = {
				BUNDLE_LOADER = "$(TEST_HOST)";
				CODE_SIGN_STYLE = Automatic;
				CURRENT_PROJECT_VERSION = 1;
				GENERATE_INFOPLIST_FILE = YES;
				MACOSX_DEPLOYMENT_TARGET = 15.0;
				MARKETING_VERSION = 0.1.0; // x-release-please-version
				PRODUCT_BUNDLE_IDENTIFIER = com.alleato.BabushkaTests;
				PRODUCT_NAME = "$(TARGET_NAME)";
				SWIFT_EMIT_LOC_STRINGS = NO;
				SWIFT_VERSION = 6.0;
				TEST_HOST = "$(BUILT_PRODUCTS_DIR)/Babushka.app/Contents/MacOS/Babushka";
			};
			name = Release;
		};
/* End XCBuildConfiguration section */

/* Begin XCConfigurationList section */
		CF0000000000000000000001 /* Build configuration list for PBXNativeTarget "Babushka" */ = {
			isa = XCConfigurationList;
			buildConfigurations = (
				BC0000000000000000000003 /* Debug */,
				BC0000000000000000000004 /* Release */,
			);
			defaultConfigurationIsVisible = 0;
			defaultConfigurationName = Release;
		};
		CF0000000000000000000002 /* Build configuration list for PBXNativeTarget "BabushkaTests" */ = {
			isa = XCConfigurationList;
			buildConfigurations = (
				BC0000000000000000000005 /* Debug */,
				BC0000000000000000000006 /* Release */,
			);
			defaultConfigurationIsVisible = 0;
			defaultConfigurationName = Release;
		};
		CF0000000000000000000003 /* Build configuration list for PBXProject "Babushka" */ = {
			isa = XCConfigurationList;
			buildConfigurations = (
				BC0000000000000000000001 /* Debug */,
				BC0000000000000000000002 /* Release */,
			);
			defaultConfigurationIsVisible = 0;
			defaultConfigurationName = Release;
		};
/* End XCConfigurationList section */

	};
	rootObject = D10000000000000000000001 /* Project object */;
}
